{
  "name": "07.어댑터+퍼사드",
  "lockfileVersion": 3,
  "requires": true,
  "packages": {
    "": {
      "dependencies": {
        "@datadog/browser-logs": "^5.8.0",
        "@sentry/browser": "^7.99.0"
      }
    },
    "node_modules/@datadog/browser-core": {
      "version": "5.8.0",
      "resolved": "https://registry.npmjs.org/@datadog/browser-core/-/browser-core-5.8.0.tgz",
      "integrity": "sha512-aNMSB+tLu5aKm/uzswy5d6KDgGtMs2uMxsGWdZ3lmqorEHLXk5kPNTEVRJfeE49EJaWaxiTYQuuuLo0c5S0rUA=="
    },
    "node_modules/@datadog/browser-logs": {
      "version": "5.8.0",
      "resolved": "https://registry.npmjs.org/@datadog/browser-logs/-/browser-logs-5.8.0.tgz",
      "integrity": "sha512-7UnLrYEICdY4KLGct9q88f5Xxaad+47He1H7PPnfj1p6HDHtadjRYxb/+NQxoezWFLDpqIIgQgqr4GDQYgtOFQ==",
      "dependencies": {
        "@datadog/browser-core": "5.8.0"
      },
      "peerDependencies": {
        "@datadog/browser-rum": "5.8.0"
      },
      "peerDependenciesMeta": {
        "@datadog/browser-rum": {
          "optional": true
        }
      }
    },
    "node_modules/@sentry-internal/feedback": {
      "version": "7.99.0",
      "resolved": "https://registry.npmjs.org/@sentry-internal/feedback/-/feedback-7.99.0.tgz",
      "integrity": "sha512-exIO1o+bE0MW4z30FxC0cYzJ4ZHSMlDPMHCBDPzU+MWGQc/fb8s58QUrx5Dnm6HTh9G3H+YlroCxIo9u0GSwGQ==",
      "dependencies": {
        "@sentry/core": "7.99.0",
        "@sentry/types": "7.99.0",
        "@sentry/utils": "7.99.0"
      },
      "engines": {
        "node": ">=12"
      }
    },
    "node_modules/@sentry-internal/replay-canvas": {
      "version": "7.99.0",
      "resolved": "https://registry.npmjs.org/@sentry-internal/replay-canvas/-/replay-canvas-7.99.0.tgz",
      "integrity": "sha512-PoIkfusToDq0snfl2M6HJx/1KJYtXxYhQplrn11kYadO04SdG0XGXf4h7wBTMEQ7LDEAtQyvsOu4nEQtTO3YjQ==",
      "dependencies": {
        "@sentry/core": "7.99.0",
        "@sentry/replay": "7.99.0",
        "@sentry/types": "7.99.0",
        "@sentry/utils": "7.99.0"
      },
      "engines": {
        "node": ">=12"
      }
    },
    "node_modules/@sentry-internal/tracing": {
      "version": "7.99.0",
      "resolved": "https://registry.npmjs.org/@sentry-internal/tracing/-/tracing-7.99.0.tgz",
      "integrity": "sha512-z3JQhHjoM1KdM20qrHwRClKJrNLr2CcKtCluq7xevLtXHJWNAQQbafnWD+Aoj85EWXBzKt9yJMv2ltcXJ+at+w==",
      "dependencies": {
        "@sentry/core": "7.99.0",
        "@sentry/types": "7.99.0",
        "@sentry/utils": "7.99.0"
      },
      "engines": {
        "node": ">=8"
      }
    },
    "node_modules/@sentry/browser": {
      "version": "7.99.0",
      "resolved": "https://registry.npmjs.org/@sentry/browser/-/browser-7.99.0.tgz",
      "integrity": "sha512-bgfoUv3wkwwLgN5YUOe0ibB3y268ZCnamZh6nLFqnY/UBKC1+FXWFdvzVON/XKUm62LF8wlpCybOf08ebNj2yg==",
      "dependencies": {
        "@sentry-internal/feedback": "7.99.0",
        "@sentry-internal/replay-canvas": "7.99.0",
        "@sentry-internal/tracing": "7.99.0",
        "@sentry/core": "7.99.0",
        "@sentry/replay": "7.99.0",
        "@sentry/types": "7.99.0",
        "@sentry/utils": "7.99.0"
      },
      "engines": {
        "node": ">=8"
      }
    },
    "node_modules/@sentry/core": {
      "version": "7.99.0",
      "resolved": "https://registry.npmjs.org/@sentry/core/-/core-7.99.0.tgz",
      "integrity": "sha512-vOAtzcAXEUtS/oW7wi3wMkZ3hsb5Ch96gKyrrj/mXdOp2zrcwdNV6N9/pawq2E9P/7Pw8AXw4CeDZztZrjQLuA==",
      "dependencies": {
        "@sentry/types": "7.99.0",
        "@sentry/utils": "7.99.0"
      },
      "engines": {
        "node": ">=8"
      }
    },
    "node_modules/@sentry/replay": {
      "version": "7.99.0",
      "resolved": "https://registry.npmjs.org/@sentry/replay/-/replay-7.99.0.tgz",
      "integrity": "sha512-gyN/I2WpQrLAZDT+rScB/0jnFL2knEVBo8U8/OVt8gNP20Pq8T/rDZKO/TG0cBfvULDUbJj2P4CJryn2p/O2rA==",
      "dependencies": {
        "@sentry-internal/tracing": "7.99.0",
        "@sentry/core": "7.99.0",
        "@sentry/types": "7.99.0",
        "@sentry/utils": "7.99.0"
      },
      "engines": {
        "node": ">=12"
      }
    },
    "node_modules/@sentry/types": {
      "version": "7.99.0",
      "resolved": "https://registry.npmjs.org/@sentry/types/-/types-7.99.0.tgz",
      "integrity": "sha512-94qwOw4w40sAs5mCmzcGyj8ZUu/KhnWnuMZARRq96k+SjRW/tHFAOlIdnFSrt3BLPvSOK7R3bVAskZQ0N4FTmA==",
      "engines": {
        "node": ">=8"
      }
    },
    "node_modules/@sentry/utils": {
      "version": "7.99.0",
      "resolved": "https://registry.npmjs.org/@sentry/utils/-/utils-7.99.0.tgz",
      "integrity": "sha512-cYZy5WNTkWs5GgggGnjfGqC44CWir0pAv4GVVSx0fsup4D4pMKBJPrtub15f9uC+QkUf3vVkqwpBqeFxtmJQTQ==",
      "dependencies": {
        "@sentry/types": "7.99.0"
      },
      "engines": {
        "node": ">=8"
      }
    }
  }
}
